
Microsoft Visual Studio Solution File, Format Version 12.00
# Visual Studio Version 16
VisualStudioVersion = 16.0.29728.190
MinimumVisualStudioVersion = 10.0.40219.1
Project("{FAE04EC0-301F-11D3-BF4B-00C04F79EFBC}") = "UWPResourceViewer", "UWPResourceViewer\UWPResourceViewer.csproj", "{D2F39DEA-43CE-4CAD-A5AE-3B9D06CF480E}"
EndProject
Global
	GlobalSection(SolutionConfigurationPlatforms) = preSolution
		Debug|ARM = Debug|ARM
		Debug|ARM64 = Debug|ARM64
		Debug|x64 = Debug|x64
		Debug|x86 = Debug|x86
		Release|ARM = Release|ARM
		Release|ARM64 = Release|ARM64
		Release|x64 = Release|x64
		Release|x86 = Release|x86
	EndGlobalSection
	GlobalSection(ProjectConfigurationPlatforms) = postSolution
		{D2F39DEA-43CE-4CAD-A5AE-3B9D06CF480E}.Debug|ARM.ActiveCfg = Debug|ARM
		{D2F39DEA-43CE-4CAD-A5AE-3B9D06CF480E}.Debug|ARM.Build.0 = Debug|ARM
		{D2F39DEA-43CE-4CAD-A5AE-3B9D06CF480E}.Debug|ARM.Deploy.0 = Debug|ARM
		{D2F39DEA-43CE-4CAD-A5AE-3B9D06CF480E}.Debug|ARM64.ActiveCfg = Debug|ARM64
		{D2F39DEA-43CE-4CAD-A5AE-3B9D06CF480E}.Debug|ARM64.Build.0 = Debug|ARM64
		{D2F39DEA-43CE-4CAD-A5AE-3B9D06CF480E}.Debug|ARM64.Deploy.0 = Debug|ARM64
		{D2F39DEA-43CE-4CAD-A5AE-3B9D06CF480E}.Debug|x64.ActiveCfg = Debug|x64
		{D2F39DEA-43CE-4CAD-A5AE-3B9D06CF480E}.Debug|x64.Build.0 = Debug|x64
		{D2F39DEA-43CE-4CAD-A5AE-3B9D06CF480E}.Debug|x64.Deploy.0 = Debug|x64
		{D2F39DEA-43CE-4CAD-A5AE-3B9D06CF480E}.Debug|x86.ActiveCfg = Debug|x86
		{D2F39DEA-43CE-4CAD-A5AE-3B9D06CF480E}.Debug|x86.Build.0 = Debug|x86
		{D2F39DEA-43CE-4CAD-A5AE-3B9D06CF480E}.Debug|x86.Deploy.0 = Debug|x86
		{D2F39DEA-43CE-4CAD-A5AE-3B9D06CF480E}.Release|ARM.ActiveCfg = Release|ARM
		{D2F39DEA-43CE-4CAD-A5AE-3B9D06CF480E}.Release|ARM.Build.0 = Release|ARM
		{D2F39DEA-43CE-4CAD-A5AE-3B9D06CF480E}.Release|ARM.Deploy.0 = Release|ARM
		{D2F39DEA-43CE-4CAD-A5AE-3B9D06CF480E}.Release|ARM64.ActiveCfg = Release|ARM64
		{D2F39DEA-43CE-4CAD-A5AE-3B9D06CF480E}.Release|ARM64.Build.0 = Release|ARM64
		{D2F39DEA-43CE-4CAD-A5AE-3B9D06CF480E}.Release|ARM64.Deploy.0 = Release|ARM64
		{D2F39DEA-43CE-4CAD-A5AE-3B9D06CF480E}.Release|x64.ActiveCfg = Release|x64
		{D2F39DEA-43CE-4CAD-A5AE-3B9D06CF480E}.Release|x64.Build.0 = Release|x64
		{D2F39DEA-43CE-4CAD-A5AE-3B9D06CF480E}.Release|x64.Deploy.0 = Release|x64
		{D2F39DEA-43CE-4CAD-A5AE-3B9D06CF480E}.Release|x86.ActiveCfg = Release|x86
		{D2F39DEA-43CE-4CAD-A5AE-3B9D06CF480E}.Release|x86.Build.0 = Release|x86
		{D2F39DEA-43CE-4CAD-A5AE-3B9D06CF480E}.Release|x86.Deploy.0 = Release|x86
	EndGlobalSection
	GlobalSection(SolutionProperties) = preSolution
		HideSolutionNode = FALSE
	EndGlobalSection
	GlobalSection(ExtensibilityGlobals) = postSolution
		SolutionGuid = {07043EB5-13BD-4858-A2FE-C3175EA62A5C}
	EndGlobalSection
EndGlobal
